{
  "name": "examples",
  "version": "1.0.0",
  "lockfileVersion": 3,
  "requires": true,
  "packages": {
    "": {
      "name": "examples",
      "version": "1.0.0",
      "license": "ISC",
      "dependencies": {
        "@dylo/sum": "^0.0.1"
      }
    },
    "node_modules/@dylo/sum": {
      "version": "0.0.1",
      "resolved": "https://registry.npmjs.org/@dylo/sum/-/sum-0.0.1.tgz",
      "integrity": "sha512-dGjEgK4eD9RdNcH0L5TkkoPnMwAQKx0RqBwQinCMRWVPBR/+pWsNgYRir3LrtCncwfSgRufE7YAEku+Oy+C8Gw==",
      "engines": {
        "node": ">= 10"
      },
      "optionalDependencies": {
        "@dylo/sum-android-arm-eabi": "0.0.1",
        "@dylo/sum-android-arm64": "0.0.1",
        "@dylo/sum-darwin-arm64": "0.0.1",
        "@dylo/sum-darwin-universal": "0.0.1",
        "@dylo/sum-darwin-x64": "0.0.1",
        "@dylo/sum-freebsd-x64": "0.0.1",
        "@dylo/sum-linux-arm-gnueabihf": "0.0.1",
        "@dylo/sum-linux-arm-musleabihf": "0.0.1",
        "@dylo/sum-linux-arm64-gnu": "0.0.1",
        "@dylo/sum-linux-arm64-musl": "0.0.1",
        "@dylo/sum-linux-riscv64-gnu": "0.0.1",
        "@dylo/sum-linux-x64-gnu": "0.0.1",
        "@dylo/sum-linux-x64-musl": "0.0.1",
        "@dylo/sum-win32-arm64-msvc": "0.0.1",
        "@dylo/sum-win32-ia32-msvc": "0.0.1",
        "@dylo/sum-win32-x64-msvc": "0.0.1"
      }
    },
    "node_modules/@dylo/sum-android-arm-eabi": {
      "version": "0.0.1",
      "resolved": "https://registry.npmjs.org/@dylo/sum-android-arm-eabi/-/sum-android-arm-eabi-0.0.1.tgz",
      "integrity": "sha512-ivC6/vhv0kpr9SctiJINzqG5rJjLtkzem5Q2WzsYZrIppEfRbTjXJc/wvAF15H+Gq2cTIkEe9trABA05wbl17w==",
      "cpu": [
        "arm"
      ],
      "optional": true,
      "os": [
        "android"
      ],
      "engines": {
        "node": ">= 10"
      }
    },
    "node_modules/@dylo/sum-android-arm64": {
      "version": "0.0.1",
      "resolved": "https://registry.npmjs.org/@dylo/sum-android-arm64/-/sum-android-arm64-0.0.1.tgz",
      "integrity": "sha512-lQu7i/NVC43CZyWZymZ8d+RR6oj+sQOMnIhkAhQQXl2a/4wIMqhJVl55gDGAIzzXqcbRWkkVyEQUZgNgDWUNMQ==",
      "cpu": [
        "arm64"
      ],
      "optional": true,
      "os": [
        "android"
      ],
      "engines": {
        "node": ">= 10"
      }
    },
    "node_modules/@dylo/sum-darwin-arm64": {
      "version": "0.0.1",
      "resolved": "https://registry.npmjs.org/@dylo/sum-darwin-arm64/-/sum-darwin-arm64-0.0.1.tgz",
      "integrity": "sha512-OxZWGYGmNX4aszg7CZGp2HeQvaya14XVIiYoJZqEkChZDIxpFpFEvG9Kw/1FUjLexzLupaRYcq1agmI3CzQqMg==",
      "cpu": [
        "arm64"
      ],
      "optional": true,
      "os": [
        "darwin"
      ],
      "engines": {
        "node": ">= 10"
      }
    },
    "node_modules/@dylo/sum-darwin-universal": {
      "version": "0.0.1",
      "resolved": "https://registry.npmjs.org/@dylo/sum-darwin-universal/-/sum-darwin-universal-0.0.1.tgz",
      "integrity": "sha512-9QC4CHFl9kSWYzGCsddTtND9hS26zLoZxc6N60GWMBbY8JU6D+cj24GS8l5B3qX4tf/gWgDsh+5lTiSrAKlzrg==",
      "optional": true,
      "os": [
        "darwin"
      ],
      "engines": {
        "node": ">= 10"
      }
    },
    "node_modules/@dylo/sum-darwin-x64": {
      "version": "0.0.1",
      "resolved": "https://registry.npmjs.org/@dylo/sum-darwin-x64/-/sum-darwin-x64-0.0.1.tgz",
      "integrity": "sha512-G13BUTAFtMgZoHI/stlVP5e9kqOTBKL5k+C6DeVg0X5fwQoRUvpIvKbmDHO+XEv3c6vvbAmdl0NCor+9qaQ5Mg==",
      "cpu": [
        "x64"
      ],
      "optional": true,
      "os": [
        "darwin"
      ],
      "engines": {
        "node": ">= 10"
      }
    },
    "node_modules/@dylo/sum-freebsd-x64": {
      "version": "0.0.1",
      "resolved": "https://registry.npmjs.org/@dylo/sum-freebsd-x64/-/sum-freebsd-x64-0.0.1.tgz",
      "integrity": "sha512-sCnodpRK//YMjYcVmw1SVFJ5tfDprOLV8oe2oB5sC2wxSNH5wKsQcPi/wlZ2XEHz3ZrxexjIujUAGkKNlKuGbg==",
      "cpu": [
        "x64"
      ],
      "optional": true,
      "os": [
        "freebsd"
      ],
      "engines": {
        "node": ">= 10"
      }
    },
    "node_modules/@dylo/sum-linux-arm-gnueabihf": {
      "version": "0.0.1",
      "resolved": "https://registry.npmjs.org/@dylo/sum-linux-arm-gnueabihf/-/sum-linux-arm-gnueabihf-0.0.1.tgz",
      "integrity": "sha512-m03G1MdH14jqe4q14FFKnplE3d0H0nzxy+cXHHhh0nSXt0M5gL1s/lk/cQ9kpwjsoVtwP3MwiNIV6dpa/CnJww==",
      "cpu": [
        "arm"
      ],
      "optional": true,
      "os": [
        "linux"
      ],
      "engines": {
        "node": ">= 10"
      }
    },
    "node_modules/@dylo/sum-linux-arm-musleabihf": {
      "version": "0.0.1",
      "resolved": "https://registry.npmjs.org/@dylo/sum-linux-arm-musleabihf/-/sum-linux-arm-musleabihf-0.0.1.tgz",
      "integrity": "sha512-VORClEGJRdZPN669sUSzdQ/EQDAfC3g1Ps/etS5ht2iLnaD5VjskSRkFLV17/w0rX2MExI1cz4u3DFKAd4Iiuw==",
      "cpu": [
        "arm"
      ],
      "optional": true,
      "os": [
        "linux"
      ],
      "engines": {
        "node": ">= 10"
      }
    },
    "node_modules/@dylo/sum-linux-arm64-gnu": {
      "version": "0.0.1",
      "resolved": "https://registry.npmjs.org/@dylo/sum-linux-arm64-gnu/-/sum-linux-arm64-gnu-0.0.1.tgz",
      "integrity": "sha512-Z6W5CkqYWJDA0SbTKfNpDOmjApXezlpj7i2i+Z+Sk1db/rHbLpyIKNyQXLdV0wLnYTPHDlJgbnQjAAFGq8Dakg==",
      "cpu": [
        "arm64"
      ],
      "optional": true,
      "os": [
        "linux"
      ],
      "engines": {
        "node": ">= 10"
      }
    },
    "node_modules/@dylo/sum-linux-arm64-musl": {
      "version": "0.0.1",
      "resolved": "https://registry.npmjs.org/@dylo/sum-linux-arm64-musl/-/sum-linux-arm64-musl-0.0.1.tgz",
      "integrity": "sha512-8EKyASiBmIrJHpSZr7aJ854snHNK9kW6hq3ih17Fv2lBFdkj+N/e1FYiNG7mgS56EYEbdWCQBY4C5goFz6J2fA==",
      "cpu": [
        "arm64"
      ],
      "optional": true,
      "os": [
        "linux"
      ],
      "engines": {
        "node": ">= 10"
      }
    },
    "node_modules/@dylo/sum-linux-riscv64-gnu": {
      "version": "0.0.1",
      "resolved": "https://registry.npmjs.org/@dylo/sum-linux-riscv64-gnu/-/sum-linux-riscv64-gnu-0.0.1.tgz",
      "integrity": "sha512-01UwlqWbZfKLvMQyW1XYXCDOcpg/yN7lugrtkJobfwg2DVZo1Y84rl/IOFncdd+dcIXhLFrH9g6JzgX6dw2JVA==",
      "cpu": [
        "riscv64"
      ],
      "optional": true,
      "os": [
        "linux"
      ],
      "engines": {
        "node": ">= 10"
      }
    },
    "node_modules/@dylo/sum-linux-x64-gnu": {
      "version": "0.0.1",
      "resolved": "https://registry.npmjs.org/@dylo/sum-linux-x64-gnu/-/sum-linux-x64-gnu-0.0.1.tgz",
      "integrity": "sha512-MaAsjdNEij83ynp9LwCJEOGRwyzMorwnnPDAPwdBtnuK0VmVHawdUbK8Y8aWywa6FnAds6HsiivQQ6D992pUew==",
      "cpu": [
        "x64"
      ],
      "optional": true,
      "os": [
        "linux"
      ],
      "engines": {
        "node": ">= 10"
      }
    },
    "node_modules/@dylo/sum-linux-x64-musl": {
      "version": "0.0.1",
      "resolved": "https://registry.npmjs.org/@dylo/sum-linux-x64-musl/-/sum-linux-x64-musl-0.0.1.tgz",
      "integrity": "sha512-oawuaMYpHEl2XrKAw4eWfgY6HsfnL1qw1eJLgrnQ3gMJVrD6XzTVZ7r+jXqrZ9uz7P/pnKNZ5p8cEWTMP0Z6lQ==",
      "cpu": [
        "x64"
      ],
      "optional": true,
      "os": [
        "linux"
      ],
      "engines": {
        "node": ">= 10"
      }
    },
    "node_modules/@dylo/sum-win32-arm64-msvc": {
      "version": "0.0.1",
      "resolved": "https://registry.npmjs.org/@dylo/sum-win32-arm64-msvc/-/sum-win32-arm64-msvc-0.0.1.tgz",
      "integrity": "sha512-JRaHi2hhYQGOQIOkPUfCHqg2VzERMo1uAOu/Mhq6jQFQHCA/jnkzvz+bM6wiLLPDIrPHRpMNdFMP9HOg4wMFDg==",
      "cpu": [
        "arm64"
      ],
      "optional": true,
      "os": [
        "win32"
      ],
      "engines": {
        "node": ">= 10"
      }
    },
    "node_modules/@dylo/sum-win32-ia32-msvc": {
      "version": "0.0.1",
      "resolved": "https://registry.npmjs.org/@dylo/sum-win32-ia32-msvc/-/sum-win32-ia32-msvc-0.0.1.tgz",
      "integrity": "sha512-tJYWh1ACQTy/Q/VIu6U1MHYp8Xu9htg+xxMuxeBtX/5viC07XX7pqZTe/8ZBB/vATQS2AI647lZVYHgIiC3ZWw==",
      "cpu": [
        "ia32"
      ],
      "optional": true,
      "os": [
        "win32"
      ],
      "engines": {
        "node": ">= 10"
      }
    },
    "node_modules/@dylo/sum-win32-x64-msvc": {
      "version": "0.0.1",
      "resolved": "https://registry.npmjs.org/@dylo/sum-win32-x64-msvc/-/sum-win32-x64-msvc-0.0.1.tgz",
      "integrity": "sha512-SpBzLghjf4HDvRosWFbpUDWElXlywEu8Zd3eM8p3SDEjBHbritqjue1FXeQcPnaRF+Z8VZJypzalvHJK83bDcg==",
      "cpu": [
        "x64"
      ],
      "optional": true,
      "os": [
        "win32"
      ],
      "engines": {
        "node": ">= 10"
      }
    }
  }
}
